{
  "nodes": {
    "libfvde-src": {
      "flake": false,
      "locked": {
        "lastModified": 1783237399,
        "narHash": "sha256-13JPyVofDEKI4cAXSYrHPr0uxxyQ0C61926rcQUQfq4=",
        "owner": "libyal",
        "repo": "libfvde",
        "rev": "502edfc64bd7e1615811b877b8d675267f36f2a5",
        "type": "github"
      },
      "original": {
        "owner": "libyal",
        "repo": "libfvde",
        "type": "github"
      }
    },
    "nixpkgs": {
      "locked": {
        "lastModified": 1754028485,
        "narHash": "sha256-IiiXB3BDTi6UqzAZcf2S797hWEPCRZOwyNThJIYhUfk=",
        "owner": "nixos",
        "repo": "nixpkgs",
        "rev": "59e69648d345d6e8fef86158c555730fa12af9de",
        "type": "github"
      },
      "original": {
        "owner": "nixos",
        "ref": "nixos-25.05",
        "repo": "nixpkgs",
        "type": "github"
      }
    },
    "root": {
      "inputs": {
        "libfvde-src": "libfvde-src",
        "nixpkgs": "nixpkgs"
      }
    }
  },
  "root": "root",
  "version": 7
}
